{
    "name": "transmissor",
    "lockfileVersion": 3,
    "requires": true,
    "packages": {
        "": {
            "license": "MIT",
            "dependencies": {
                "@growthbunker/vuetimeline": "^0.1.17",
                "gojs": "^2.0.9",
                "laravel-echo": "^1.5.3",
                "socket.io-client": "^2.2.0",
                "vue-gallery": "^2.0.1",
                "vuefinder": "^0.2.0"
            },
            "devDependencies": {
                "axios": "^0.18",
                "bootstrap": "^4.0.0",
                "jquery": "^3.2",
                "lodash": "^4.17.5",
                "popper.js": "^1.12",
                "vue": "^2.5.17"
            }
        },
        "node_modules/@babel/helper-string-parser": {
            "version": "7.29.7",
            "resolved": "https://registry.npmjs.org/@babel/helper-string-parser/-/helper-string-parser-7.29.7.tgz",
            "integrity": "sha512-Pb5ijPrZ89GDH8223L4UP8i6QApWxs04RbPQJTeWDV0/keR2E36MeKnyr6LYmUUvqRRI+Iv87SuF1W6ErINzYw==",
            "license": "MIT",
            "engines": {
                "node": ">=6.9.0"
            }
        },
        "node_modules/@babel/helper-validator-identifier": {
            "version": "7.29.7",
            "resolved": "https://registry.npmjs.org/@babel/helper-validator-identifier/-/helper-validator-identifier-7.29.7.tgz",
            "integrity": "sha512-qehxGkRj55h/ff8EMaJ+cYhyaKlHIxqYDn682wQD7RNp9UujOQsHog2uS0r2vzr4pW+sXf90NeeayjcNaX3fFg==",
            "license": "MIT",
            "engines": {
                "node": ">=6.9.0"
            }
        },
        "node_modules/@babel/parser": {
            "version": "7.29.8",
            "resolved": "https://registry.npmjs.org/@babel/parser/-/parser-7.29.8.tgz",
            "integrity": "sha512-E8lTAYNB1KW+FH+VGJuZM1ioAx2E6oVlvQFRrf5P8ZZmsiJXYAD9vTFV7yyEURNzgh1dFqMZuO6tUwcARbqFCA==",
            "license": "MIT",
            "dependencies": {
                "@babel/types": "^7.29.8"
            },
            "bin": {
                "parser": "bin/babel-parser.js"
            },
            "engines": {
                "node": ">=6.0.0"
            }
        },
        "node_modules/@babel/runtime": {
            "version": "7.29.7",
            "resolved": "https://registry.npmjs.org/@babel/runtime/-/runtime-7.29.7.tgz",
            "integrity": "sha512-Nq8OhGWiZIZGV6hLHoyAKLLcJihP/xFeBMGJoUrxTX2psI8dCifzLhZISFb+VWS3wFMRDmCGw5R+dOySCqPLhw==",
            "license": "MIT",
            "engines": {
                "node": ">=6.9.0"
            }
        },
        "node_modules/@babel/types": {
            "version": "7.29.8",
            "resolved": "https://registry.npmjs.org/@babel/types/-/types-7.29.8.tgz",
            "integrity": "sha512-Vj1jF3cPfxg7OAfoI7QnVKLoILlm2JF9pnVHrX8qx7AHMiYWT+NDAA7jChlNgRS4WTLc/fD1lXLmPixluj+3Gg==",
            "license": "MIT",
            "dependencies": {
                "@babel/helper-string-parser": "^7.29.7",
                "@babel/helper-validator-identifier": "^7.29.7"
            },
            "engines": {
                "node": ">=6.9.0"
            }
        },
        "node_modules/@fortawesome/fontawesome-common-types": {
            "version": "0.2.36",
            "resolved": "https://registry.npmjs.org/@fortawesome/fontawesome-common-types/-/fontawesome-common-types-0.2.36.tgz",
            "integrity": "sha512-a/7BiSgobHAgBWeN7N0w+lAhInrGxksn13uK7231n2m8EDPE3BMCl9NZLTGrj9ZXfCmC6LM0QLqXidIizVQ6yg==",
            "hasInstallScript": true,
            "license": "MIT",
            "engines": {
                "node": ">=6"
            }
        },
        "node_modules/@fortawesome/fontawesome-svg-core": {
            "version": "1.2.36",
            "resolved": "https://registry.npmjs.org/@fortawesome/fontawesome-svg-core/-/fontawesome-svg-core-1.2.36.tgz",
            "integrity": "sha512-YUcsLQKYb6DmaJjIHdDWpBIGCcyE/W+p/LMGvjQem55Mm2XWVAP5kWTMKWLv9lwpCVjpLxPyOMOyUocP1GxrtA==",
            "hasInstallScript": true,
            "license": "MIT",
            "dependencies": {
                "@fortawesome/fontawesome-common-types": "^0.2.36"
            },
            "engines": {
                "node": ">=6"
            }
        },
        "node_modules/@fortawesome/free-solid-svg-icons": {
            "version": "5.15.4",
            "resolved": "https://registry.npmjs.org/@fortawesome/free-solid-svg-icons/-/free-solid-svg-icons-5.15.4.tgz",
            "integrity": "sha512-JLmQfz6tdtwxoihXLg6lT78BorrFyCf59SAwBM6qV/0zXyVeDygJVb3fk+j5Qat+Yvcxp1buLTY5iDh1ZSAQ8w==",
            "hasInstallScript": true,
            "license": "(CC-BY-4.0 AND MIT)",
            "dependencies": {
                "@fortawesome/fontawesome-common-types": "^0.2.36"
            },
            "engines": {
                "node": ">=6"
            }
        },
        "node_modules/@fortawesome/vue-fontawesome": {
            "version": "0.1.10",
            "resolved": "https://registry.npmjs.org/@fortawesome/vue-fontawesome/-/vue-fontawesome-0.1.10.tgz",
            "integrity": "sha512-b2+SLF31h32LSepVcXe+BQ63yvbq5qmTCy4KfFogCYm2bn68H5sDWUnX+U7MBqnM2aeEk9M7xSoqGnu+wSdY6w==",
            "license": "MIT",
            "peerDependencies": {
                "@fortawesome/fontawesome-svg-core": ">= 1.2.0 < 1.3",
                "vue": "~2"
            }
        },
        "node_modules/@growthbunker/vuedarkmode": {
            "version": "0.5.48",
            "resolved": "https://registry.npmjs.org/@growthbunker/vuedarkmode/-/vuedarkmode-0.5.48.tgz",
            "integrity": "sha512-lBYDDaI/7LkNmlRhS/hxTNhh5eFiK8tYBfKzpzam4IJeTrGSStFSxWJfc9FmBXSLqtD6CtwjvBlcqIcSuPtp3g==",
            "dependencies": {
                "v-click-outside": "2.1.4",
                "v-hotkey": "0.8.0"
            }
        },
        "node_modules/@growthbunker/vuetimeline": {
            "version": "0.1.17",
            "resolved": "https://registry.npmjs.org/@growthbunker/vuetimeline/-/vuetimeline-0.1.17.tgz",
            "integrity": "sha512-HLQfiQRi/+1z1quiVrdlKQ5sCZBP6XPpb4e+VBa9A79XaW5oi8ygd1RtVXdh1M98ldTCesaQgEpaQ6EsR4tv3w==",
            "dependencies": {
                "@growthbunker/vuedarkmode": "0.5.48",
                "scrollreveal": "4.0.5",
                "timeago.js": "4.0.1"
            }
        },
        "node_modules/@vue/compiler-sfc": {
            "version": "2.7.16",
            "resolved": "https://registry.npmjs.org/@vue/compiler-sfc/-/compiler-sfc-2.7.16.tgz",
            "integrity": "sha512-KWhJ9k5nXuNtygPU7+t1rX6baZeqOYLEforUPjgNDBnLicfHCoi48H87Q8XyLZOrNNsmhuwKqtpDQWjEFe6Ekg==",
            "dependencies": {
                "@babel/parser": "^7.23.5",
                "postcss": "^8.4.14",
                "source-map": "^0.6.1"
            },
            "optionalDependencies": {
                "prettier": "^1.18.2 || ^2.0.0"
            }
        },
        "node_modules/after": {
            "version": "0.8.2",
            "resolved": "https://registry.npmjs.org/after/-/after-0.8.2.tgz",
            "integrity": "sha512-QbJ0NTQ/I9DI3uSJA4cbexiwQeRAfjPScqIbSjUDd9TOrcg6pTkdgziesOqxBMBzit8vFCTwrP27t13vFOORRA==",
            "license": "MIT"
        },
        "node_modules/arraybuffer.slice": {
            "version": "0.0.7",
            "resolved": "https://registry.npmjs.org/arraybuffer.slice/-/arraybuffer.slice-0.0.7.tgz",
            "integrity": "sha512-wGUIVQXuehL5TCqQun8OW81jGzAWycqzFF8lFp+GOM5BXLYj3bKNsYC4daB7n6XjCqxQA/qgTJ+8ANR3acjrog==",
            "license": "MIT"
        },
        "node_modules/axios": {
            "version": "0.18.1",
            "resolved": "https://registry.npmjs.org/axios/-/axios-0.18.1.tgz",
            "integrity": "sha512-0BfJq4NSfQXd+SkFdrvFbG7addhYSBA2mQwISr46pD6E5iqkWg02RAs8vyTT/j0RTnoYmeXauBuSv1qKwR179g==",
            "deprecated": "Critical security vulnerability fixed in v0.21.1. For more information, see https://github.com/axios/axios/pull/3410",
            "license": "MIT",
            "dependencies": {
                "follow-redirects": "1.5.10",
                "is-buffer": "^2.0.2"
            }
        },
        "node_modules/backo2": {
            "version": "1.0.2",
            "resolved": "https://registry.npmjs.org/backo2/-/backo2-1.0.2.tgz",
            "integrity": "sha512-zj6Z6M7Eq+PBZ7PQxl5NT665MvJdAkzp0f60nAJ+sLaSCBPMwVak5ZegFbgVCzFcCJTKFoMizvM5Ld7+JrRJHA==",
            "license": "MIT"
        },
        "node_modules/base64-arraybuffer": {
            "version": "0.1.4",
            "resolved": "https://registry.npmjs.org/base64-arraybuffer/-/base64-arraybuffer-0.1.4.tgz",
            "integrity": "sha512-a1eIFi4R9ySrbiMuyTGx5e92uRH5tQY6kArNcFaKBUleIoLjdjBg7Zxm3Mqm3Kmkf27HLR/1fnxX9q8GQ7Iavg==",
            "engines": {
                "node": ">= 0.6.0"
            }
        },
        "node_modules/blob": {
            "version": "0.0.5",
            "resolved": "https://registry.npmjs.org/blob/-/blob-0.0.5.tgz",
            "integrity": "sha512-gaqbzQPqOoamawKg0LGVd7SzLgXS+JH61oWprSLH+P+abTczqJbhTR8CmJ2u9/bUYNmHTGJx/UEmn6doAvvuig==",
            "license": "MIT"
        },
        "node_modules/blueimp-gallery": {
            "version": "2.44.0",
            "resolved": "https://registry.npmjs.org/blueimp-gallery/-/blueimp-gallery-2.44.0.tgz",
            "integrity": "sha512-msLsEV/7hpOokS/MimNbbrIv1lFnNe/45HeLJUvHUfuJklbPRiodXYSBs0Ibwe05un5bFRryQmmzhUZBiFaZmg==",
            "license": "MIT"
        },
        "node_modules/bootstrap": {
            "version": "4.6.2",
            "resolved": "https://registry.npmjs.org/bootstrap/-/bootstrap-4.6.2.tgz",
            "integrity": "sha512-51Bbp/Uxr9aTuy6ca/8FbFloBUJZLHwnhTcnjIeRn2suQWsWzcuJhGjKDB5eppVte/8oCdOL3VuwxvZDUggwGQ==",
            "deprecated": "This version of Bootstrap is no longer supported. Please upgrade to the latest version.",
            "dev": true,
            "funding": [
                {
                    "type": "github",
                    "url": "https://github.com/sponsors/twbs"
                },
                {
                    "type": "opencollective",
                    "url": "https://opencollective.com/bootstrap"
                }
            ],
            "license": "MIT",
            "peerDependencies": {
                "jquery": "1.9.1 - 3",
                "popper.js": "^1.16.1"
            }
        },
        "node_modules/component-bind": {
            "version": "1.0.0",
            "resolved": "https://registry.npmjs.org/component-bind/-/component-bind-1.0.0.tgz",
            "integrity": "sha512-WZveuKPeKAG9qY+FkYDeADzdHyTYdIboXS59ixDeRJL5ZhxpqUnxSOwop4FQjMsiYm3/Or8cegVbpAHNA7pHxw=="
        },
        "node_modules/component-emitter": {
            "version": "1.3.1",
            "resolved": "https://registry.npmjs.org/component-emitter/-/component-emitter-1.3.1.tgz",
            "integrity": "sha512-T0+barUSQRTUQASh8bx02dl+DhF54GtIDY13Y3m9oWTklKbb3Wv974meRpeZ3lp1JpLVECWWNHC4vaG2XHXouQ==",
            "license": "MIT",
            "funding": {
                "url": "https://github.com/sponsors/sindresorhus"
            }
        },
        "node_modules/component-inherit": {
            "version": "0.0.3",
            "resolved": "https://registry.npmjs.org/component-inherit/-/component-inherit-0.0.3.tgz",
            "integrity": "sha512-w+LhYREhatpVqTESyGFg3NlP6Iu0kEKUHETY9GoZP/pQyW4mHFZuFWRUCIqVPZ36ueVLtoOEZaAqbCF2RDndaA=="
        },
        "node_modules/core-js": {
            "version": "2.6.11",
            "resolved": "https://registry.npmjs.org/core-js/-/core-js-2.6.11.tgz",
            "integrity": "sha512-5wjnpaT/3dV+XB4borEsnAYQchn00XSgTAWKDkEqv+K8KevjbzmofK6hfJ9TZIlpj2N0xQpazy7PiRQiWHqzWg==",
            "deprecated": "core-js@<3.23.3 is no longer maintained and not recommended for usage due to the number of issues. Because of the V8 engine whims, feature detection in old core-js versions could cause a slowdown up to 100x even if nothing is polyfilled. Some versions have web compatibility issues. Please, upgrade your dependencies to the actual version of core-js.",
            "hasInstallScript": true
        },
        "node_modules/csstype": {
            "version": "3.2.3",
            "resolved": "https://registry.npmjs.org/csstype/-/csstype-3.2.3.tgz",
            "integrity": "sha512-z1HGKcYy2xA8AGQfwrn0PAy+PB7X/GSj3UVJW9qKyn43xWa+gl5nXmU4qqLMRzWVLFC8KusUX8T/0kCiOYpAIQ==",
            "license": "MIT"
        },
        "node_modules/date-fns": {
            "version": "2.30.0",
            "resolved": "https://registry.npmjs.org/date-fns/-/date-fns-2.30.0.tgz",
            "integrity": "sha512-fnULvOpxnC5/Vg3NCiWelDsLiUc9bRwAPs/+LfTLNvetFCtCTN+yQz15C/fs4AwX1R9K5GLtLfn8QW+dWisaAw==",
            "license": "MIT",
            "dependencies": {
                "@babel/runtime": "^7.21.0"
            },
            "engines": {
                "node": ">=0.11"
            },
            "funding": {
                "type": "opencollective",
                "url": "https://opencollective.com/date-fns"
            }
        },
        "node_modules/debug": {
            "version": "3.1.0",
            "resolved": "https://registry.npmjs.org/debug/-/debug-3.1.0.tgz",
            "integrity": "sha512-OX8XqP7/1a9cqkxYw2yXss15f26NKWBpDXQd0/uK/KPqdQhxbPa994hnzjcE2VqQpDslf55723cKPUOGSmMY3g==",
            "license": "MIT",
            "dependencies": {
                "ms": "2.0.0"
            }
        },
        "node_modules/dragselect": {
            "version": "1.15.1",
            "resolved": "https://registry.npmjs.org/dragselect/-/dragselect-1.15.1.tgz",
            "integrity": "sha512-2U57z6flnl5tJKHOMqMTgasIVDMWlo0357LYsRPzaSHfcG6ZygLPijJC4JAYCJ85ycjEV9m1N2HlxAduz8yl2g==",
            "license": "MIT"
        },
        "node_modules/engine.io-client": {
            "version": "3.5.6",
            "resolved": "https://registry.npmjs.org/engine.io-client/-/engine.io-client-3.5.6.tgz",
            "integrity": "sha512-2fDMKiXSU7bGRDCWEw9cHEdRNfoU8cpP6lt+nwJhv72tSJpO7YBsqMqYZ63eVvwX3l9prPl2k/mxhfVhY+SDWg==",
            "license": "MIT",
            "dependencies": {
                "component-emitter": "~1.3.0",
                "component-inherit": "0.0.3",
                "debug": "~3.1.0",
                "engine.io-parser": "~2.2.0",
                "has-cors": "1.1.0",
                "indexof": "0.0.1",
                "parseqs": "0.0.6",
                "parseuri": "0.0.6",
                "ws": "~7.5.10",
                "xmlhttprequest-ssl": "~1.6.2",
                "yeast": "0.1.2"
            }
        },
        "node_modules/engine.io-parser": {
            "version": "2.2.1",
            "resolved": "https://registry.npmjs.org/engine.io-parser/-/engine.io-parser-2.2.1.tgz",
            "integrity": "sha512-x+dN/fBH8Ro8TFwJ+rkB2AmuVw9Yu2mockR/p3W8f8YtExwFgDvBDi0GWyb4ZLkpahtDGZgtr3zLovanJghPqg==",
            "license": "MIT",
            "dependencies": {
                "after": "0.8.2",
                "arraybuffer.slice": "~0.0.7",
                "base64-arraybuffer": "0.1.4",
                "blob": "0.0.5",
                "has-binary2": "~1.0.2"
            }
        },
        "node_modules/follow-redirects": {
            "version": "1.5.10",
            "resolved": "https://registry.npmjs.org/follow-redirects/-/follow-redirects-1.5.10.tgz",
            "integrity": "sha512-0V5l4Cizzvqt5D44aTXbFZz+FtyXV1vrDN6qrelxtfYQKW0KO0W2T/hkE8xvGa/540LkZlkaUjO4ailYTFtHVQ==",
            "license": "MIT",
            "dependencies": {
                "debug": "=3.1.0"
            },
            "engines": {
                "node": ">=4.0"
            }
        },
        "node_modules/gojs": {
            "version": "2.3.19",
            "resolved": "https://registry.npmjs.org/gojs/-/gojs-2.3.19.tgz",
            "integrity": "sha512-QX26+yHiaOt/ioGxqEOwlPpAzj1KAyCrT0lXr5iOJgQYXGuAKkJ5HfdEnCrQg9rshyYbf1bttthIXZNvUK+nbg==",
            "license": "SEE LICENSE IN license.html"
        },
        "node_modules/has-binary2": {
            "version": "1.0.3",
            "resolved": "https://registry.npmjs.org/has-binary2/-/has-binary2-1.0.3.tgz",
            "integrity": "sha512-G1LWKhDSvhGeAQ8mPVQlqNcOB2sJdwATtZKl2pDKKHfpf/rYj24lkinxf69blJbnsvtqqNU+L3SL50vzZhXOnw==",
            "license": "MIT",
            "dependencies": {
                "isarray": "2.0.1"
            }
        },
        "node_modules/has-cors": {
            "version": "1.1.0",
            "resolved": "https://registry.npmjs.org/has-cors/-/has-cors-1.1.0.tgz",
            "integrity": "sha512-g5VNKdkFuUuVCP9gYfDJHjK2nqdQJ7aDLTnycnc2+RvsOQbuLdF5pm7vuE5J76SEBIQjs4kQY/BWq74JUmjbXA==",
            "license": "MIT"
        },
        "node_modules/indexof": {
            "version": "0.0.1",
            "resolved": "https://registry.npmjs.org/indexof/-/indexof-0.0.1.tgz",
            "integrity": "sha512-i0G7hLJ1z0DE8dsqJa2rycj9dBmNKgXBvotXtZYXakU9oivfB9Uj2ZBC27qqef2U58/ZLwalxa1X/RDCdkHtVg=="
        },
        "node_modules/is-buffer": {
            "version": "2.0.5",
            "resolved": "https://registry.npmjs.org/is-buffer/-/is-buffer-2.0.5.tgz",
            "integrity": "sha512-i2R6zNFDwgEHJyQUtJEk0XFi1i0dPFn/oqjK3/vPCcDeJvW5NQ83V8QbicfF1SupOaB0h8ntgBC2YiE7dfyctQ==",
            "funding": [
                {
                    "type": "github",
                    "url": "https://github.com/sponsors/feross"
                },
                {
                    "type": "patreon",
                    "url": "https://www.patreon.com/feross"
                },
                {
                    "type": "consulting",
                    "url": "https://feross.org/support"
                }
            ],
            "license": "MIT",
            "engines": {
                "node": ">=4"
            }
        },
        "node_modules/is-dom-node": {
            "version": "1.0.4",
            "resolved": "https://registry.npmjs.org/is-dom-node/-/is-dom-node-1.0.4.tgz",
            "integrity": "sha512-NEnTHKCeyGJTL0cKdzATF8SWzyTMYf5CbNKWBvsXvyMxZG32g+a09qkeCbrfQNLTD85CbPeHb4YjIJCjyzF0yA=="
        },
        "node_modules/is-dom-node-list": {
            "version": "1.2.1",
            "resolved": "https://registry.npmjs.org/is-dom-node-list/-/is-dom-node-list-1.2.1.tgz",
            "integrity": "sha512-P1H071iT5TGG8pAHslhrLDo/tQLYc8tGuWABVqhGU4l2mm7aDNb9cx2myQ2AujEQO6B2cAujcW4a0/+6UfXInw==",
            "dependencies": {
                "is-dom-node": "^1.0.4"
            }
        },
        "node_modules/isarray": {
            "version": "2.0.1",
            "resolved": "https://registry.npmjs.org/isarray/-/isarray-2.0.1.tgz",
            "integrity": "sha512-c2cu3UxbI+b6kR3fy0nRnAhodsvR9dx7U5+znCOzdj6IfP3upFURTr0Xl5BlQZNKZjEtxrmVyfSdeE3O57smoQ==",
            "license": "MIT"
        },
        "node_modules/jquery": {
            "version": "3.7.1",
            "resolved": "https://registry.npmjs.org/jquery/-/jquery-3.7.1.tgz",
            "integrity": "sha512-m4avr8yL8kmFN8psrbFFFmB/If14iN5o9nw/NgnnM+kybDJpRsAynV2BsfpTYrTRysYUdADVD7CkUUizgkpLfg==",
            "dev": true,
            "license": "MIT"
        },
        "node_modules/laravel-echo": {
            "version": "1.19.0",
            "resolved": "https://registry.npmjs.org/laravel-echo/-/laravel-echo-1.19.0.tgz",
            "integrity": "sha512-o/X4XH8BIRwij66PSjtotZfM88Z8g/4P3gzxQf2BTcZBKmGqucvI5JYYLprR2OZQ9XlGsmJ2v+hDpPGEbXwUWw==",
            "license": "MIT",
            "engines": {
                "node": ">=10"
            }
        },
        "node_modules/lodash": {
            "version": "4.18.1",
            "resolved": "https://registry.npmjs.org/lodash/-/lodash-4.18.1.tgz",
            "integrity": "sha512-dMInicTPVE8d1e5otfwmmjlxkZoUpiVLwyeTdUsi/Caj/gfzzblBcCE5sRHV/AsjuCmxWrte2TNGSYuCeCq+0Q==",
            "dev": true,
            "license": "MIT"
        },
        "node_modules/miniraf": {
            "version": "1.0.0",
            "resolved": "https://registry.npmjs.org/miniraf/-/miniraf-1.0.0.tgz",
            "integrity": "sha512-XpvhtJYzVrpXe+JoAthrT9E40NIrSDDMcdHEYL2M+lR/OCas0nadetcBBq/MWYqlgV5aDWVQ3mfAqd+fG6Y/EQ=="
        },
        "node_modules/ms": {
            "version": "2.0.0",
            "resolved": "https://registry.npmjs.org/ms/-/ms-2.0.0.tgz",
            "integrity": "sha512-Tpp60P6IUJDTuOq/5Z8cdskzJujfwqfOTkrwIwj7IRISpnkJnT6SyJ4PCPnGMoFjC9ddhal5KVIYtAt97ix05A==",
            "license": "MIT"
        },
        "node_modules/nanoid": {
            "version": "3.3.19",
            "resolved": "https://registry.npmjs.org/nanoid/-/nanoid-3.3.19.tgz",
            "integrity": "sha512-Y2tUNy4ouw6tq5oDSKeQYGOyhkUBhNOcGV/02KC+6kd9eDGqdZd++mjMiIDilrBYvjEnCYvVtsuHCuP+okSfug==",
            "funding": [
                {
                    "type": "github",
                    "url": "https://github.com/sponsors/ai"
                }
            ],
            "license": "MIT",
            "bin": {
                "nanoid": "bin/nanoid.cjs"
            },
            "engines": {
                "node": "^10 || ^12 || ^13.7 || ^14 || >=15.0.1"
            }
        },
        "node_modules/opencollective-postinstall": {
            "version": "2.0.3",
            "resolved": "https://registry.npmjs.org/opencollective-postinstall/-/opencollective-postinstall-2.0.3.tgz",
            "integrity": "sha512-8AV/sCtuzUeTo8gQK5qDZzARrulB3egtLzFgteqB2tcT4Mw7B8Kt7JcDHmltjz6FOAHsvTevk70gZEbhM4ZS9Q==",
            "license": "MIT",
            "bin": {
                "opencollective-postinstall": "index.js"
            }
        },
        "node_modules/parseqs": {
            "version": "0.0.6",
            "resolved": "https://registry.npmjs.org/parseqs/-/parseqs-0.0.6.tgz",
            "integrity": "sha512-jeAGzMDbfSHHA091hr0r31eYfTig+29g3GKKE/PPbEQ65X0lmMwlEoqmhzu0iztID5uJpZsFlUPDP8ThPL7M8w==",
            "license": "MIT"
        },
        "node_modules/parseuri": {
            "version": "0.0.6",
            "resolved": "https://registry.npmjs.org/parseuri/-/parseuri-0.0.6.tgz",
            "integrity": "sha512-AUjen8sAkGgao7UyCX6Ahv0gIK2fABKmYjvP4xmy5JaKvcbTRueIqIPHLAfq30xJddqSE033IOMUSOMCcK3Sow==",
            "license": "MIT"
        },
        "node_modules/picocolors": {
            "version": "1.1.1",
            "resolved": "https://registry.npmjs.org/picocolors/-/picocolors-1.1.1.tgz",
            "integrity": "sha512-xceH2snhtb5M9liqDsmEw56le376mTZkEX/jEb/RxNFyegNul7eNslCXP9FDj/Lcu0X8KEyMceP2ntpaHrDEVA==",
            "license": "ISC"
        },
        "node_modules/popper.js": {
            "version": "1.16.1",
            "resolved": "https://registry.npmjs.org/popper.js/-/popper.js-1.16.1.tgz",
            "integrity": "sha512-Wb4p1J4zyFTbM+u6WuO4XstYx4Ky9Cewe4DWrel7B0w6VVICvPwdOpotjzcf6eD8TsckVnIMNONQyPIUFOUbCQ==",
            "deprecated": "You can find the new Popper v2 at @popperjs/core, this package is dedicated to the legacy v1",
            "dev": true,
            "license": "MIT",
            "funding": {
                "type": "opencollective",
                "url": "https://opencollective.com/popperjs"
            }
        },
        "node_modules/postcss": {
            "version": "8.5.28",
            "resolved": "https://registry.npmjs.org/postcss/-/postcss-8.5.28.tgz",
            "integrity": "sha512-RRuzqDtt5Y9h3quz5hWhK+TPnsmVs6WwSU6LkJMeY4HstUEDuYTG8UJSdawMRzmzAtV+KEoG8N3Qg2qLy5vM/A==",
            "funding": [
                {
                    "type": "opencollective",
                    "url": "https://opencollective.com/postcss/"
                },
                {
                    "type": "tidelift",
                    "url": "https://tidelift.com/funding/github/npm/postcss"
                },
                {
                    "type": "github",
                    "url": "https://github.com/sponsors/ai"
                }
            ],
            "license": "MIT",
            "dependencies": {
                "nanoid": "^3.3.18",
                "picocolors": "^1.1.1",
                "source-map-js": "^1.2.1"
            },
            "engines": {
                "node": "^10 || ^12 || >=14"
            }
        },
        "node_modules/prettier": {
            "version": "2.8.8",
            "resolved": "https://registry.npmjs.org/prettier/-/prettier-2.8.8.tgz",
            "integrity": "sha512-tdN8qQGvNjw4CHbY+XXk0JgCXn9QiF21a55rBe5LJAU+kDyC4WQn4+awm2Xfk2lQMk5fKup9XgzTZtGkjBdP9Q==",
            "license": "MIT",
            "optional": true,
            "bin": {
                "prettier": "bin-prettier.js"
            },
            "engines": {
                "node": ">=10.13.0"
            },
            "funding": {
                "url": "https://github.com/prettier/prettier?sponsor=1"
            }
        },
        "node_modules/rematrix": {
            "version": "0.3.0",
            "resolved": "https://registry.npmjs.org/rematrix/-/rematrix-0.3.0.tgz",
            "integrity": "sha512-xB/9ZvJIKaDgXX0qkvV9/pLD8zK23A6TVV6F8Vhsl+SrxbBeVYutz5uszxgC6Rt3RP9LZiH8OXaYjr+x6WXWmQ=="
        },
        "node_modules/scrollreveal": {
            "version": "4.0.5",
            "resolved": "https://registry.npmjs.org/scrollreveal/-/scrollreveal-4.0.5.tgz",
            "integrity": "sha512-dyQ0BPOLuoRzKAEwGgVaZsN4mxErHnuzh3Wq0ygE/PteGHeTCOubBoTzxSoix5UGLOUYMDapNAwajfQCB483aw==",
            "hasInstallScript": true,
            "dependencies": {
                "miniraf": "1.0.0",
                "rematrix": "0.3.0",
                "tealight": "0.3.6"
            }
        },
        "node_modules/socket.io-client": {
            "version": "2.5.0",
            "resolved": "https://registry.npmjs.org/socket.io-client/-/socket.io-client-2.5.0.tgz",
            "integrity": "sha512-lOO9clmdgssDykiOmVQQitwBAF3I6mYcQAo7hQ7AM6Ny5X7fp8hIJ3HcQs3Rjz4SoggoxA1OgrQyY8EgTbcPYw==",
            "license": "MIT",
            "dependencies": {
                "backo2": "1.0.2",
                "component-bind": "1.0.0",
                "component-emitter": "~1.3.0",
                "debug": "~3.1.0",
                "engine.io-client": "~3.5.0",
                "has-binary2": "~1.0.2",
                "indexof": "0.0.1",
                "parseqs": "0.0.6",
                "parseuri": "0.0.6",
                "socket.io-parser": "~3.3.0",
                "to-array": "0.1.4"
            }
        },
        "node_modules/socket.io-parser": {
            "version": "3.3.6",
            "resolved": "https://registry.npmjs.org/socket.io-parser/-/socket.io-parser-3.3.6.tgz",
            "integrity": "sha512-+VwteZF0qtYVkcO1nhKf6ZUVz5wq6Ya+Lx10y3Y81Sp5+iyGGY2GTcd81W36C/r1tjP+GhXjiXaLKlCMyE+yHQ==",
            "license": "MIT",
            "dependencies": {
                "component-emitter": "~1.3.0",
                "debug": "~3.1.0",
                "isarray": "2.0.1"
            }
        },
        "node_modules/source-map": {
            "version": "0.6.1",
            "resolved": "https://registry.npmjs.org/source-map/-/source-map-0.6.1.tgz",
            "integrity": "sha512-UjgapumWlbMhkBgzT7Ykc5YXUT46F0iKu8SGXq0bcwP5dz/h0Plj6enJqjz1Zbq2l5WaqYnrVbwWOWMyF3F47g==",
            "license": "BSD-3-Clause",
            "engines": {
                "node": ">=0.10.0"
            }
        },
        "node_modules/source-map-js": {
            "version": "1.2.1",
            "resolved": "https://registry.npmjs.org/source-map-js/-/source-map-js-1.2.1.tgz",
            "integrity": "sha512-UXWMKhLOwVKb728IUtQPXxfYU+usdybtUrK/8uGE8CQMvrhOpwvzDBwj0QhSL7MQc7vIsISBG8VQ8+IDQxpfQA==",
            "license": "BSD-3-Clause",
            "engines": {
                "node": ">=0.10.0"
            }
        },
        "node_modules/tealight": {
            "version": "0.3.6",
            "resolved": "https://registry.npmjs.org/tealight/-/tealight-0.3.6.tgz",
            "integrity": "sha512-Dys3N8jFBThD9pNVpPCyUiu6DfWcTBdqWQJIvnAuVaFkGEdrPBJ43070vVbn6sTlLvn2IQK2zFW4FrVIrTo8eQ==",
            "dependencies": {
                "is-dom-node": "^1.0.4",
                "is-dom-node-list": "^1.2.1"
            }
        },
        "node_modules/timeago.js": {
            "version": "4.0.1",
            "resolved": "https://registry.npmjs.org/timeago.js/-/timeago.js-4.0.1.tgz",
            "integrity": "sha512-ePzZuMoJqUc44hJbUYtY1qtzU7IammxooDCcFKogLkS5Nj+iCabR0ZlmNOFX8Dm1r5EpvR5q/PotOJli/mEPew=="
        },
        "node_modules/to-array": {
            "version": "0.1.4",
            "resolved": "https://registry.npmjs.org/to-array/-/to-array-0.1.4.tgz",
            "integrity": "sha512-LhVdShQD/4Mk4zXNroIQZJC+Ap3zgLcDuwEdcmLv9CCO73NWockQDwyUnW/m8VX/EElfL6FcYx7EeutN4HJA6A=="
        },
        "node_modules/v-click-outside": {
            "version": "2.1.4",
            "resolved": "https://registry.npmjs.org/v-click-outside/-/v-click-outside-2.1.4.tgz",
            "integrity": "sha512-NbQiwRjJjeKptI1qr1co2Ox44fUWEnj08chR1nw3DVrNCQHjb+sqlevzb1zCXMgb7orTFE0wpiecqMlbOZ15EQ==",
            "engines": {
                "node": ">=6"
            }
        },
        "node_modules/v-hotkey": {
            "version": "0.8.0",
            "resolved": "https://registry.npmjs.org/v-hotkey/-/v-hotkey-0.8.0.tgz",
            "integrity": "sha512-TWxiUbd5DPF/ClnGsa0VHw1jXX6xA8G8jNy/qFeULVz28cq8ZFz+SGNcniXj7WHazoqRUSzL20y/VDiZ+yzprw==",
            "dependencies": {
                "core-js": "^2.6.5"
            },
            "peerDependencies": {
                "vue": "^2.x"
            }
        },
        "node_modules/vue": {
            "version": "2.7.16",
            "resolved": "https://registry.npmjs.org/vue/-/vue-2.7.16.tgz",
            "integrity": "sha512-4gCtFXaAA3zYZdTp5s4Hl2sozuySsgz4jy1EnpBHNfpMa9dK1ZCG7viqBPCwXtmgc8nHqUsAu3G4gtmXkkY3Sw==",
            "deprecated": "Vue 2 has reached EOL and is no longer actively maintained. See https://v2.vuejs.org/eol/ for more details.",
            "license": "MIT",
            "dependencies": {
                "@vue/compiler-sfc": "2.7.16",
                "csstype": "^3.1.0"
            }
        },
        "node_modules/vue-gallery": {
            "version": "2.0.5",
            "resolved": "https://registry.npmjs.org/vue-gallery/-/vue-gallery-2.0.5.tgz",
            "integrity": "sha512-kNJhDYNGRm56iDdfaZemhvCiFqqdpVV/1FYosnVBWw78nayoB8dcOKp51g1N0gmL7u45y8nn9KFL/V6rKI1Few==",
            "hasInstallScript": true,
            "license": "MIT",
            "dependencies": {
                "blueimp-gallery": "^2.33.0",
                "opencollective-postinstall": "^2.0.2"
            }
        },
        "node_modules/vuefinder": {
            "version": "0.2.0",
            "resolved": "https://registry.npmjs.org/vuefinder/-/vuefinder-0.2.0.tgz",
            "integrity": "sha512-YTT90lRvcckYooIMLfzdSjGtPjmb/HPKu0TCbiLpp2K5GsXKV+iJmor+VqeLT/yb5Azr4eSe8aE5dg/IbGfjJw==",
            "license": "MIT",
            "dependencies": {
                "@fortawesome/fontawesome-svg-core": "^1.2.0",
                "@fortawesome/free-solid-svg-icons": "^5.1.0",
                "@fortawesome/vue-fontawesome": "^0.1.0",
                "axios": "^0.18.0",
                "date-fns": "^2.0.0-alpha.16",
                "dragselect": "^1.8.0",
                "vue": "^2.5.16"
            }
        },
        "node_modules/ws": {
            "version": "7.5.13",
            "resolved": "https://registry.npmjs.org/ws/-/ws-7.5.13.tgz",
            "integrity": "sha512-rsKI6xDBFVf4r/x8XyChGK04QR/XHroxs/jUcoWvtEZM8TPU/X/uIY9B1CsSzYws9ZJb/6bbBu7dPhFW00CAoA==",
            "license": "MIT",
            "engines": {
                "node": ">=8.3.0"
            },
            "peerDependencies": {
                "bufferutil": "^4.0.1",
                "utf-8-validate": "^5.0.2"
            },
            "peerDependenciesMeta": {
                "bufferutil": {
                    "optional": true
                },
                "utf-8-validate": {
                    "optional": true
                }
            }
        },
        "node_modules/xmlhttprequest-ssl": {
            "version": "1.6.3",
            "resolved": "https://registry.npmjs.org/xmlhttprequest-ssl/-/xmlhttprequest-ssl-1.6.3.tgz",
            "integrity": "sha512-3XfeQE/wNkvrIktn2Kf0869fC0BN6UpydVasGIeSm2B1Llihf7/0UfZM+eCkOw3P7bP4+qPgqhm7ZoxuJtFU0Q==",
            "engines": {
                "node": ">=0.4.0"
            }
        },
        "node_modules/yeast": {
            "version": "0.1.2",
            "resolved": "https://registry.npmjs.org/yeast/-/yeast-0.1.2.tgz",
            "integrity": "sha512-8HFIh676uyGYP6wP13R/j6OJ/1HwJ46snpvzE7aHAN3Ryqh2yX6Xox2B4CUmTwwOIzlG3Bs7ocsP5dZH/R1Qbg==",
            "license": "MIT"
        }
    }
}
